
Microsoft Visual Studio Solution File, Format Version 12.00
# Visual Studio Version 17
VisualStudioVersion = 17.1.32407.343
MinimumVisualStudioVersion = 10.0.40219.1
Project("{FAE04EC0-301F-11D3-BF4B-00C04F79EFBC}") = "BowlingGame", "BowlingGame.csproj", "{EA3A0928-2E55-44C3-8DFF-AF71FF88158A}"
EndProject
Project("{FAE04EC0-301F-11D3-BF4B-00C04F79EFBC}") = "BowlingGameTests", "..\BowlingGameTests\BowlingGameTests.csproj", "{29948791-0870-4447-9A59-0926C6F9941D}"
EndProject
Global
	GlobalSection(SolutionConfigurationPlatforms) = preSolution
		Debug|Any CPU = Debug|Any CPU
		Release|Any CPU = Release|Any CPU
	EndGlobalSection
	GlobalSection(ProjectConfigurationPlatforms) = postSolution
		{EA3A0928-2E55-44C3-8DFF-AF71FF88158A}.Debug|Any CPU.ActiveCfg = Debug|Any CPU
		{EA3A0928-2E55-44C3-8DFF-AF71FF88158A}.Debug|Any CPU.Build.0 = Debug|Any CPU
		{EA3A0928-2E55-44C3-8DFF-AF71FF88158A}.Release|Any CPU.ActiveCfg = Release|Any CPU
		{EA3A0928-2E55-44C3-8DFF-AF71FF88158A}.Release|Any CPU.Build.0 = Release|Any CPU
		{29948791-0870-4447-9A59-0926C6F9941D}.Debug|Any CPU.ActiveCfg = Debug|Any CPU
		{29948791-0870-4447-9A59-0926C6F9941D}.Debug|Any CPU.Build.0 = Debug|Any CPU
		{29948791-0870-4447-9A59-0926C6F9941D}.Release|Any CPU.ActiveCfg = Release|Any CPU
		{29948791-0870-4447-9A59-0926C6F9941D}.Release|Any CPU.Build.0 = Release|Any CPU
	EndGlobalSection
	GlobalSection(SolutionProperties) = preSolution
		HideSolutionNode = FALSE
	EndGlobalSection
	GlobalSection(ExtensibilityGlobals) = postSolution
		SolutionGuid = {5696AF5F-0E09-4F8F-9197-B94D65FCD930}
	EndGlobalSection
EndGlobal
